
Microsoft Visual Studio Solution File, Format Version 12.00
# Visual Studio Version 16
VisualStudioVersion = 16.0.31005.135
MinimumVisualStudioVersion = 10.0.40219.1
Project("{FAE04EC0-301F-11D3-BF4B-00C04F79EFBC}") = "RS_TSD.Android", "RS_TSD\RS_TSD.Android\RS_TSD.Android.csproj", "{5623298E-549E-408D-BF01-11DA6BDA0F94}"
EndProject
Project("{FAE04EC0-301F-11D3-BF4B-00C04F79EFBC}") = "RS_TSD", "RS_TSD\RS_TSD\RS_TSD.csproj", "{68A39292-6FCE-42E8-8F72-DC6670A4A959}"
EndProject
Global
	GlobalSection(SolutionConfigurationPlatforms) = preSolution
		Debug|Any CPU = Debug|Any CPU
		Release|Any CPU = Release|Any CPU
	EndGlobalSection
	GlobalSection(ProjectConfigurationPlatforms) = postSolution
		{5623298E-549E-408D-BF01-11DA6BDA0F94}.Debug|Any CPU.ActiveCfg = Debug|Any CPU
		{5623298E-549E-408D-BF01-11DA6BDA0F94}.Debug|Any CPU.Build.0 = Debug|Any CPU
		{5623298E-549E-408D-BF01-11DA6BDA0F94}.Debug|Any CPU.Deploy.0 = Debug|Any CPU
		{5623298E-549E-408D-BF01-11DA6BDA0F94}.Release|Any CPU.ActiveCfg = Release|Any CPU
		{5623298E-549E-408D-BF01-11DA6BDA0F94}.Release|Any CPU.Build.0 = Release|Any CPU
		{5623298E-549E-408D-BF01-11DA6BDA0F94}.Release|Any CPU.Deploy.0 = Release|Any CPU
		{68A39292-6FCE-42E8-8F72-DC6670A4A959}.Debug|Any CPU.ActiveCfg = Debug|Any CPU
		{68A39292-6FCE-42E8-8F72-DC6670A4A959}.Debug|Any CPU.Build.0 = Debug|Any CPU
		{68A39292-6FCE-42E8-8F72-DC6670A4A959}.Debug|Any CPU.Deploy.0 = Debug|Any CPU
		{68A39292-6FCE-42E8-8F72-DC6670A4A959}.Release|Any CPU.ActiveCfg = Release|Any CPU
		{68A39292-6FCE-42E8-8F72-DC6670A4A959}.Release|Any CPU.Build.0 = Release|Any CPU
		{68A39292-6FCE-42E8-8F72-DC6670A4A959}.Release|Any CPU.Deploy.0 = Release|Any CPU
	EndGlobalSection
	GlobalSection(SolutionProperties) = preSolution
		HideSolutionNode = FALSE
	EndGlobalSection
	GlobalSection(ExtensibilityGlobals) = postSolution
		SolutionGuid = {0E9910C7-D072-422B-BB91-796F48DBEE3A}
	EndGlobalSection
EndGlobal
