
Microsoft Visual Studio Solution File, Format Version 12.00
# Visual Studio Version 16
VisualStudioVersion = 16.0.31025.194
MinimumVisualStudioVersion = 10.0.40219.1
Project("{FAE04EC0-301F-11D3-BF4B-00C04F79EFBC}") = "RS_TSD.Android", "RS_TSD\RS_TSD.Android\RS_TSD.Android.csproj", "{EF5E9138-C58C-45C5-ABF0-8FC0D2F260FC}"
EndProject
Project("{FAE04EC0-301F-11D3-BF4B-00C04F79EFBC}") = "RS_TSD", "RS_TSD\RS_TSD\RS_TSD.csproj", "{58EB71F5-3819-45A1-8F8E-6BFEBCAB7A01}"
EndProject
Global
	GlobalSection(SolutionConfigurationPlatforms) = preSolution
		Debug|Any CPU = Debug|Any CPU
		Release|Any CPU = Release|Any CPU
	EndGlobalSection
	GlobalSection(ProjectConfigurationPlatforms) = postSolution
		{EF5E9138-C58C-45C5-ABF0-8FC0D2F260FC}.Debug|Any CPU.ActiveCfg = Debug|Any CPU
		{EF5E9138-C58C-45C5-ABF0-8FC0D2F260FC}.Debug|Any CPU.Build.0 = Debug|Any CPU
		{EF5E9138-C58C-45C5-ABF0-8FC0D2F260FC}.Debug|Any CPU.Deploy.0 = Debug|Any CPU
		{EF5E9138-C58C-45C5-ABF0-8FC0D2F260FC}.Release|Any CPU.ActiveCfg = Release|Any CPU
		{EF5E9138-C58C-45C5-ABF0-8FC0D2F260FC}.Release|Any CPU.Build.0 = Release|Any CPU
		{EF5E9138-C58C-45C5-ABF0-8FC0D2F260FC}.Release|Any CPU.Deploy.0 = Release|Any CPU
		{58EB71F5-3819-45A1-8F8E-6BFEBCAB7A01}.Debug|Any CPU.ActiveCfg = Debug|Any CPU
		{58EB71F5-3819-45A1-8F8E-6BFEBCAB7A01}.Debug|Any CPU.Build.0 = Debug|Any CPU
		{58EB71F5-3819-45A1-8F8E-6BFEBCAB7A01}.Debug|Any CPU.Deploy.0 = Debug|Any CPU
		{58EB71F5-3819-45A1-8F8E-6BFEBCAB7A01}.Release|Any CPU.ActiveCfg = Release|Any CPU
		{58EB71F5-3819-45A1-8F8E-6BFEBCAB7A01}.Release|Any CPU.Build.0 = Release|Any CPU
		{58EB71F5-3819-45A1-8F8E-6BFEBCAB7A01}.Release|Any CPU.Deploy.0 = Release|Any CPU
	EndGlobalSection
	GlobalSection(SolutionProperties) = preSolution
		HideSolutionNode = FALSE
	EndGlobalSection
	GlobalSection(ExtensibilityGlobals) = postSolution
		SolutionGuid = {F5C0B41A-83D0-43FA-80C5-F4E75F6FE46A}
	EndGlobalSection
EndGlobal
